
Microsoft Visual Studio Solution File, Format Version 12.00
# Visual Studio Version 17
VisualStudioVersion = 17.9.34310.174
MinimumVisualStudioVersion = 10.0.40219.1
Project("{FAE04EC0-301F-11D3-BF4B-00C04F79EFBC}") = "MyGraphQl.Api", "MyGraphQl.Api.csproj", "{725CAD21-41A1-461B-B5A1-68F1F0F109BB}"
EndProject
Project("{2150E333-8FDC-42A3-9474-1A3956D46DE8}") = "src", "src", "{BDC54485-18F6-4A60-8BE5-6E6CB02C6DD8}"
EndProject
Project("{2150E333-8FDC-42A3-9474-1A3956D46DE8}") = "test", "test", "{8B4C9F5D-40DE-4B3A-8EF3-51E9DEFD01A5}"
EndProject
Project("{FAE04EC0-301F-11D3-BF4B-00C04F79EFBC}") = "MyGraphQl.UnitTests", "..\MyGraphQl.UnitTests\MyGraphQl.UnitTests.csproj", "{AC628852-4A94-4D60-85A1-AE762F1285A7}"
EndProject
Project("{FAE04EC0-301F-11D3-BF4B-00C04F79EFBC}") = "MyGraphQl.Domain", "..\MyGraphQl.Domain\MyGraphQl.Domain.csproj", "{F9EC7F3C-405D-46D3-AAAE-53846DBFA001}"
EndProject
Project("{FAE04EC0-301F-11D3-BF4B-00C04F79EFBC}") = "MyGraphQl.Infrastructure", "..\MyGraphQl.Infrastructure\MyGraphQl.Infrastructure.csproj", "{324D648B-94A2-4BEA-A245-76D34362F36F}"
EndProject
Project("{FAE04EC0-301F-11D3-BF4B-00C04F79EFBC}") = "MyGraphQl.Application", "..\MyGraphQl.Application\MyGraphQl.Application.csproj", "{ECD5AC52-2278-446F-B15F-A7BDBE646469}"
EndProject
Global
	GlobalSection(SolutionConfigurationPlatforms) = preSolution
		Debug|Any CPU = Debug|Any CPU
		Release|Any CPU = Release|Any CPU
	EndGlobalSection
	GlobalSection(ProjectConfigurationPlatforms) = postSolution
		{725CAD21-41A1-461B-B5A1-68F1F0F109BB}.Debug|Any CPU.ActiveCfg = Debug|Any CPU
		{725CAD21-41A1-461B-B5A1-68F1F0F109BB}.Debug|Any CPU.Build.0 = Debug|Any CPU
		{725CAD21-41A1-461B-B5A1-68F1F0F109BB}.Release|Any CPU.ActiveCfg = Release|Any CPU
		{725CAD21-41A1-461B-B5A1-68F1F0F109BB}.Release|Any CPU.Build.0 = Release|Any CPU
		{AC628852-4A94-4D60-85A1-AE762F1285A7}.Debug|Any CPU.ActiveCfg = Debug|Any CPU
		{AC628852-4A94-4D60-85A1-AE762F1285A7}.Debug|Any CPU.Build.0 = Debug|Any CPU
		{AC628852-4A94-4D60-85A1-AE762F1285A7}.Release|Any CPU.ActiveCfg = Release|Any CPU
		{AC628852-4A94-4D60-85A1-AE762F1285A7}.Release|Any CPU.Build.0 = Release|Any CPU
		{F9EC7F3C-405D-46D3-AAAE-53846DBFA001}.Debug|Any CPU.ActiveCfg = Debug|Any CPU
		{F9EC7F3C-405D-46D3-AAAE-53846DBFA001}.Debug|Any CPU.Build.0 = Debug|Any CPU
		{F9EC7F3C-405D-46D3-AAAE-53846DBFA001}.Release|Any CPU.ActiveCfg = Release|Any CPU
		{F9EC7F3C-405D-46D3-AAAE-53846DBFA001}.Release|Any CPU.Build.0 = Release|Any CPU
		{324D648B-94A2-4BEA-A245-76D34362F36F}.Debug|Any CPU.ActiveCfg = Debug|Any CPU
		{324D648B-94A2-4BEA-A245-76D34362F36F}.Debug|Any CPU.Build.0 = Debug|Any CPU
		{324D648B-94A2-4BEA-A245-76D34362F36F}.Release|Any CPU.ActiveCfg = Release|Any CPU
		{324D648B-94A2-4BEA-A245-76D34362F36F}.Release|Any CPU.Build.0 = Release|Any CPU
		{ECD5AC52-2278-446F-B15F-A7BDBE646469}.Debug|Any CPU.ActiveCfg = Debug|Any CPU
		{ECD5AC52-2278-446F-B15F-A7BDBE646469}.Debug|Any CPU.Build.0 = Debug|Any CPU
		{ECD5AC52-2278-446F-B15F-A7BDBE646469}.Release|Any CPU.ActiveCfg = Release|Any CPU
		{ECD5AC52-2278-446F-B15F-A7BDBE646469}.Release|Any CPU.Build.0 = Release|Any CPU
	EndGlobalSection
	GlobalSection(SolutionProperties) = preSolution
		HideSolutionNode = FALSE
	EndGlobalSection
	GlobalSection(NestedProjects) = preSolution
		{725CAD21-41A1-461B-B5A1-68F1F0F109BB} = {BDC54485-18F6-4A60-8BE5-6E6CB02C6DD8}
		{AC628852-4A94-4D60-85A1-AE762F1285A7} = {8B4C9F5D-40DE-4B3A-8EF3-51E9DEFD01A5}
		{F9EC7F3C-405D-46D3-AAAE-53846DBFA001} = {BDC54485-18F6-4A60-8BE5-6E6CB02C6DD8}
		{324D648B-94A2-4BEA-A245-76D34362F36F} = {BDC54485-18F6-4A60-8BE5-6E6CB02C6DD8}
		{ECD5AC52-2278-446F-B15F-A7BDBE646469} = {BDC54485-18F6-4A60-8BE5-6E6CB02C6DD8}
	EndGlobalSection
	GlobalSection(ExtensibilityGlobals) = postSolution
		SolutionGuid = {72271FC6-A420-4FD5-B196-163875BB9567}
	EndGlobalSection
EndGlobal
